
Microsoft Visual Studio Solution File, Format Version 12.00
# Visual Studio Version 16
VisualStudioVersion = 16.0.30503.244
MinimumVisualStudioVersion = 10.0.40219.1
Project("{FAE04EC0-301F-11D3-BF4B-00C04F79EFBC}") = "BlackjackBasicStrategy", "BlackjackBasicStrategy\BlackjackBasicStrategy.csproj", "{15D2D428-311D-4A1E-BE48-4EADAF4CEE14}"
EndProject
Project("{FAE04EC0-301F-11D3-BF4B-00C04F79EFBC}") = "BlackjackBasicStrategy.Tests", "BlackjackBasicStrategy.Tests\BlackjackBasicStrategy.Tests.csproj", "{6B2C521F-EA6C-4CAB-B116-86B76AE66FB8}"
EndProject
Global
	GlobalSection(SolutionConfigurationPlatforms) = preSolution
		Debug|Any CPU = Debug|Any CPU
		Release|Any CPU = Release|Any CPU
	EndGlobalSection
	GlobalSection(ProjectConfigurationPlatforms) = postSolution
		{15D2D428-311D-4A1E-BE48-4EADAF4CEE14}.Debug|Any CPU.ActiveCfg = Debug|Any CPU
		{15D2D428-311D-4A1E-BE48-4EADAF4CEE14}.Debug|Any CPU.Build.0 = Debug|Any CPU
		{15D2D428-311D-4A1E-BE48-4EADAF4CEE14}.Release|Any CPU.ActiveCfg = Release|Any CPU
		{15D2D428-311D-4A1E-BE48-4EADAF4CEE14}.Release|Any CPU.Build.0 = Release|Any CPU
		{6B2C521F-EA6C-4CAB-B116-86B76AE66FB8}.Debug|Any CPU.ActiveCfg = Debug|Any CPU
		{6B2C521F-EA6C-4CAB-B116-86B76AE66FB8}.Debug|Any CPU.Build.0 = Debug|Any CPU
		{6B2C521F-EA6C-4CAB-B116-86B76AE66FB8}.Release|Any CPU.ActiveCfg = Release|Any CPU
		{6B2C521F-EA6C-4CAB-B116-86B76AE66FB8}.Release|Any CPU.Build.0 = Release|Any CPU
	EndGlobalSection
	GlobalSection(SolutionProperties) = preSolution
		HideSolutionNode = FALSE
	EndGlobalSection
	GlobalSection(ExtensibilityGlobals) = postSolution
		SolutionGuid = {0736A7B2-2BFC-4492-8D55-7533751EFCAA}
	EndGlobalSection
EndGlobal
